
Microsoft Visual Studio Solution File, Format Version 11.00
# Visual Studio 2010
Project("{2150E333-8FDC-42A3-9474-1A3956D46DE8}") = "Solution Items", "Solution Items", "{78CEEC87-07A8-4F5A-9752-E201E0B854C5}"
	ProjectSection(SolutionItems) = preProject
		..\README.rst = ..\README.rst
	EndProjectSection
EndProject
Project("{2150E333-8FDC-42A3-9474-1A3956D46DE8}") = "example", "example", "{9365CDD6-7246-4A08-86FE-483B6702705A}"
EndProject
Project("{2150E333-8FDC-42A3-9474-1A3956D46DE8}") = "test", "test", "{97B8C75A-D419-43A3-9987-464674D1879B}"
EndProject
Project("{FAE04EC0-301F-11D3-BF4B-00C04F79EFBC}") = "MindTouch.Clacks.Server", "MindTouch.Clacks.Server\MindTouch.Clacks.Server.csproj", "{07E3829C-6A07-462C-8A1C-9FC5F227AAA5}"
EndProject
Project("{FAE04EC0-301F-11D3-BF4B-00C04F79EFBC}") = "MindTouch.Clacks.Client", "MindTouch.Clacks.Client\MindTouch.Clacks.Client.csproj", "{8D5353C8-E5C9-4DC2-BB15-DC4CC52B17AB}"
EndProject
Project("{FAE04EC0-301F-11D3-BF4B-00C04F79EFBC}") = "MindTouch.Clacks.Server.Tests", "test\MindTouch.Clacks.Server.Tests\MindTouch.Clacks.Server.Tests.csproj", "{6D80CD5C-4704-43DA-83D3-E6650228B1C4}"
EndProject
Project("{FAE04EC0-301F-11D3-BF4B-00C04F79EFBC}") = "MindTouch.Clacks.Tester", "test\MindTouch.Clacks.Tester\MindTouch.Clacks.Tester.csproj", "{3BA089B1-E54E-446C-B637-D516A2F87EE7}"
EndProject
Project("{FAE04EC0-301F-11D3-BF4B-00C04F79EFBC}") = "MindTouch.Clacks.Server.PerfTests", "MindTouch.Clacks.Server.PerfTests\MindTouch.Clacks.Server.PerfTests.csproj", "{D8E834F0-231A-4826-AC15-35DA3E847469}"
EndProject
Project("{FAE04EC0-301F-11D3-BF4B-00C04F79EFBC}") = "MindTouch.Clacks.Memcache", "example\MindTouch.Clacks.Memcache\MindTouch.Clacks.Memcache.csproj", "{07100C4F-00EE-4FFB-B2EE-72767E56605C}"
EndProject
Global
	GlobalSection(SolutionConfigurationPlatforms) = preSolution
		Debug|Any CPU = Debug|Any CPU
		Debug|Mixed Platforms = Debug|Mixed Platforms
		Debug|x86 = Debug|x86
		Release|Any CPU = Release|Any CPU
		Release|Mixed Platforms = Release|Mixed Platforms
		Release|x86 = Release|x86
	EndGlobalSection
	GlobalSection(ProjectConfigurationPlatforms) = postSolution
		{07E3829C-6A07-462C-8A1C-9FC5F227AAA5}.Debug|Any CPU.ActiveCfg = Debug|Any CPU
		{07E3829C-6A07-462C-8A1C-9FC5F227AAA5}.Debug|Any CPU.Build.0 = Debug|Any CPU
		{07E3829C-6A07-462C-8A1C-9FC5F227AAA5}.Debug|Mixed Platforms.ActiveCfg = Debug|Any CPU
		{07E3829C-6A07-462C-8A1C-9FC5F227AAA5}.Debug|Mixed Platforms.Build.0 = Debug|Any CPU
		{07E3829C-6A07-462C-8A1C-9FC5F227AAA5}.Debug|x86.ActiveCfg = Debug|Any CPU
		{07E3829C-6A07-462C-8A1C-9FC5F227AAA5}.Release|Any CPU.ActiveCfg = Release|Any CPU
		{07E3829C-6A07-462C-8A1C-9FC5F227AAA5}.Release|Any CPU.Build.0 = Release|Any CPU
		{07E3829C-6A07-462C-8A1C-9FC5F227AAA5}.Release|Mixed Platforms.ActiveCfg = Release|Any CPU
		{07E3829C-6A07-462C-8A1C-9FC5F227AAA5}.Release|Mixed Platforms.Build.0 = Release|Any CPU
		{07E3829C-6A07-462C-8A1C-9FC5F227AAA5}.Release|x86.ActiveCfg = Release|Any CPU
		{8D5353C8-E5C9-4DC2-BB15-DC4CC52B17AB}.Debug|Any CPU.ActiveCfg = Debug|Any CPU
		{8D5353C8-E5C9-4DC2-BB15-DC4CC52B17AB}.Debug|Any CPU.Build.0 = Debug|Any CPU
		{8D5353C8-E5C9-4DC2-BB15-DC4CC52B17AB}.Debug|Mixed Platforms.ActiveCfg = Debug|Any CPU
		{8D5353C8-E5C9-4DC2-BB15-DC4CC52B17AB}.Debug|Mixed Platforms.Build.0 = Debug|Any CPU
		{8D5353C8-E5C9-4DC2-BB15-DC4CC52B17AB}.Debug|x86.ActiveCfg = Debug|Any CPU
		{8D5353C8-E5C9-4DC2-BB15-DC4CC52B17AB}.Release|Any CPU.ActiveCfg = Release|Any CPU
		{8D5353C8-E5C9-4DC2-BB15-DC4CC52B17AB}.Release|Any CPU.Build.0 = Release|Any CPU
		{8D5353C8-E5C9-4DC2-BB15-DC4CC52B17AB}.Release|Mixed Platforms.ActiveCfg = Release|Any CPU
		{8D5353C8-E5C9-4DC2-BB15-DC4CC52B17AB}.Release|Mixed Platforms.Build.0 = Release|Any CPU
		{8D5353C8-E5C9-4DC2-BB15-DC4CC52B17AB}.Release|x86.ActiveCfg = Release|Any CPU
		{6D80CD5C-4704-43DA-83D3-E6650228B1C4}.Debug|Any CPU.ActiveCfg = Debug|Any CPU
		{6D80CD5C-4704-43DA-83D3-E6650228B1C4}.Debug|Any CPU.Build.0 = Debug|Any CPU
		{6D80CD5C-4704-43DA-83D3-E6650228B1C4}.Debug|Mixed Platforms.ActiveCfg = Debug|Any CPU
		{6D80CD5C-4704-43DA-83D3-E6650228B1C4}.Debug|Mixed Platforms.Build.0 = Debug|Any CPU
		{6D80CD5C-4704-43DA-83D3-E6650228B1C4}.Debug|x86.ActiveCfg = Debug|Any CPU
		{6D80CD5C-4704-43DA-83D3-E6650228B1C4}.Release|Any CPU.ActiveCfg = Release|Any CPU
		{6D80CD5C-4704-43DA-83D3-E6650228B1C4}.Release|Any CPU.Build.0 = Release|Any CPU
		{6D80CD5C-4704-43DA-83D3-E6650228B1C4}.Release|Mixed Platforms.ActiveCfg = Release|Any CPU
		{6D80CD5C-4704-43DA-83D3-E6650228B1C4}.Release|Mixed Platforms.Build.0 = Release|Any CPU
		{6D80CD5C-4704-43DA-83D3-E6650228B1C4}.Release|x86.ActiveCfg = Release|Any CPU
		{3BA089B1-E54E-446C-B637-D516A2F87EE7}.Debug|Any CPU.ActiveCfg = Debug|x86
		{3BA089B1-E54E-446C-B637-D516A2F87EE7}.Debug|Mixed Platforms.ActiveCfg = Debug|x86
		{3BA089B1-E54E-446C-B637-D516A2F87EE7}.Debug|Mixed Platforms.Build.0 = Debug|x86
		{3BA089B1-E54E-446C-B637-D516A2F87EE7}.Debug|x86.ActiveCfg = Debug|x86
		{3BA089B1-E54E-446C-B637-D516A2F87EE7}.Debug|x86.Build.0 = Debug|x86
		{3BA089B1-E54E-446C-B637-D516A2F87EE7}.Release|Any CPU.ActiveCfg = Release|x86
		{3BA089B1-E54E-446C-B637-D516A2F87EE7}.Release|Mixed Platforms.ActiveCfg = Release|x86
		{3BA089B1-E54E-446C-B637-D516A2F87EE7}.Release|Mixed Platforms.Build.0 = Release|x86
		{3BA089B1-E54E-446C-B637-D516A2F87EE7}.Release|x86.ActiveCfg = Release|x86
		{3BA089B1-E54E-446C-B637-D516A2F87EE7}.Release|x86.Build.0 = Release|x86
		{D8E834F0-231A-4826-AC15-35DA3E847469}.Debug|Any CPU.ActiveCfg = Debug|Any CPU
		{D8E834F0-231A-4826-AC15-35DA3E847469}.Debug|Any CPU.Build.0 = Debug|Any CPU
		{D8E834F0-231A-4826-AC15-35DA3E847469}.Debug|Mixed Platforms.ActiveCfg = Debug|Any CPU
		{D8E834F0-231A-4826-AC15-35DA3E847469}.Debug|Mixed Platforms.Build.0 = Debug|Any CPU
		{D8E834F0-231A-4826-AC15-35DA3E847469}.Debug|x86.ActiveCfg = Debug|Any CPU
		{D8E834F0-231A-4826-AC15-35DA3E847469}.Release|Any CPU.ActiveCfg = Release|Any CPU
		{D8E834F0-231A-4826-AC15-35DA3E847469}.Release|Any CPU.Build.0 = Release|Any CPU
		{D8E834F0-231A-4826-AC15-35DA3E847469}.Release|Mixed Platforms.ActiveCfg = Release|Any CPU
		{D8E834F0-231A-4826-AC15-35DA3E847469}.Release|Mixed Platforms.Build.0 = Release|Any CPU
		{D8E834F0-231A-4826-AC15-35DA3E847469}.Release|x86.ActiveCfg = Release|Any CPU
		{07100C4F-00EE-4FFB-B2EE-72767E56605C}.Debug|Any CPU.ActiveCfg = Debug|Any CPU
		{07100C4F-00EE-4FFB-B2EE-72767E56605C}.Debug|Any CPU.Build.0 = Debug|Any CPU
		{07100C4F-00EE-4FFB-B2EE-72767E56605C}.Debug|Mixed Platforms.ActiveCfg = Debug|Any CPU
		{07100C4F-00EE-4FFB-B2EE-72767E56605C}.Debug|Mixed Platforms.Build.0 = Debug|Any CPU
		{07100C4F-00EE-4FFB-B2EE-72767E56605C}.Debug|x86.ActiveCfg = Debug|Any CPU
		{07100C4F-00EE-4FFB-B2EE-72767E56605C}.Release|Any CPU.ActiveCfg = Release|Any CPU
		{07100C4F-00EE-4FFB-B2EE-72767E56605C}.Release|Any CPU.Build.0 = Release|Any CPU
		{07100C4F-00EE-4FFB-B2EE-72767E56605C}.Release|Mixed Platforms.ActiveCfg = Release|Any CPU
		{07100C4F-00EE-4FFB-B2EE-72767E56605C}.Release|Mixed Platforms.Build.0 = Release|Any CPU
		{07100C4F-00EE-4FFB-B2EE-72767E56605C}.Release|x86.ActiveCfg = Release|Any CPU
	EndGlobalSection
	GlobalSection(SolutionProperties) = preSolution
		HideSolutionNode = FALSE
	EndGlobalSection
	GlobalSection(NestedProjects) = preSolution
		{07100C4F-00EE-4FFB-B2EE-72767E56605C} = {9365CDD6-7246-4A08-86FE-483B6702705A}
		{6D80CD5C-4704-43DA-83D3-E6650228B1C4} = {97B8C75A-D419-43A3-9987-464674D1879B}
		{3BA089B1-E54E-446C-B637-D516A2F87EE7} = {97B8C75A-D419-43A3-9987-464674D1879B}
		{D8E834F0-231A-4826-AC15-35DA3E847469} = {97B8C75A-D419-43A3-9987-464674D1879B}
	EndGlobalSection
EndGlobal
